{
    "_readme": [
        "This file locks the dependencies of your project to a known state",
        "Read more about it at https://getcomposer.org/doc/01-basic-usage.md#installing-dependencies",
        "This file is @generated automatically"
    ],
    "content-hash": "bd4919b1f3671f410255426e551fbeb6",
    "packages": [],
    "packages-dev": [
        {
            "name": "symfony/polyfill-php82",
            "version": "v1.33.0",
            "source": {
                "type": "git",
                "url": "https://github.com/symfony/polyfill-php82.git",
                "reference": "5d2ed36f7734637dacc025f179698031951b1692"
            },
            "dist": {
                "type": "zip",
                "url": "https://api.github.com/repos/symfony/polyfill-php82/zipball/5d2ed36f7734637dacc025f179698031951b1692",
                "reference": "5d2ed36f7734637dacc025f179698031951b1692",
                "shasum": ""
            },
            "require": {
                "php": ">=7.2"
            },
            "type": "library",
            "extra": {
                "thanks": {
                    "url": "https://github.com/symfony/polyfill",
                    "name": "symfony/polyfill"
                }
            },
            "autoload": {
                "files": [
                    "bootstrap.php"
                ],
                "psr-4": {
                    "Symfony\\Polyfill\\Php82\\": ""
                },
                "classmap": [
                    "Resources/stubs"
                ]
            },
            "notification-url": "https://packagist.org/downloads/",
            "license": [
                "MIT"
            ],
            "authors": [
                {
                    "name": "Nicolas Grekas",
                    "email": "p@tchwork.com"
                },
                {
                    "name": "Symfony Community",
                    "homepage": "https://symfony.com/contributors"
                }
            ],
            "description": "Symfony polyfill backporting some PHP 8.2+ features to lower PHP versions",
            "homepage": "https://symfony.com",
            "keywords": [
                "compatibility",
                "polyfill",
                "portable",
                "shim"
            ],
            "support": {
                "source": "https://github.com/symfony/polyfill-php82/tree/v1.33.0"
            },
            "funding": [
                {
                    "url": "https://symfony.com/sponsor",
                    "type": "custom"
                },
                {
                    "url": "https://github.com/fabpot",
                    "type": "github"
                },
                {
                    "url": "https://github.com/nicolas-grekas",
                    "type": "github"
                },
                {
                    "url": "https://tidelift.com/funding/github/packagist/symfony/symfony",
                    "type": "tidelift"
                }
            ],
            "time": "2024-09-09T11:45:10+00:00"
        },
        {
            "name": "systopia/civicrm-test-fixtures",
            "version": "dev-main",
            "source": {
                "type": "git",
                "url": "https://github.com/systopia/civicrm-test-fixtures.git",
                "reference": "093aa66e747d4d11f95e6faefc1c62e559925b75"
            },
            "dist": {
                "type": "zip",
                "url": "https://api.github.com/repos/systopia/civicrm-test-fixtures/zipball/093aa66e747d4d11f95e6faefc1c62e559925b75",
                "reference": "093aa66e747d4d11f95e6faefc1c62e559925b75",
                "shasum": ""
            },
            "require": {
                "php": ">=8.1",
                "symfony/polyfill-php82": "^1.29"
            },
            "require-dev": {
                "civicrm/civicrm-core": ">=5.76",
                "civicrm/civicrm-packages": ">=5.76",
                "civicrm/composer-compile-plugin": "^0.22",
                "drupal/coder": "dev-8.x-2.x-civi",
                "friendsofphp/php-cs-fixer": "^3.94",
                "phpstan/phpstan": "^2.1",
                "phpunit/phpunit": "^9.6",
                "rector/rector": "^2.3",
                "squizlabs/php_codesniffer": "^3.13"
            },
            "default-branch": true,
            "type": "library",
            "autoload": {
                "psr-4": {
                    "Systopia\\TestFixtures\\": "src/",
                    "Systopia\\TestFixtures\\Tests\\": "tests/phpunit/"
                }
            },
            "notification-url": "https://packagist.org/downloads/",
            "license": [
                "AGPL-3.0-or-later"
            ],
            "authors": [
                {
                    "name": "SYSTOPIA",
                    "email": "info@systopia.de",
                    "homepage": "https://www.systopia.de"
                }
            ],
            "description": "Reusable PHPUnit fixtures for CiviCRM extensions",
            "support": {
                "issues": "https://github.com/systopia/civicrm-test-fixtures/issues",
                "source": "https://github.com/systopia/civicrm-test-fixtures/tree/main"
            },
            "time": "2026-03-26T15:48:34+00:00"
        }
    ],
    "aliases": [],
    "minimum-stability": "dev",
    "stability-flags": {
        "systopia/civicrm-test-fixtures": 20
    },
    "prefer-stable": true,
    "prefer-lowest": false,
    "platform": {
        "php": "^8.1"
    },
    "platform-dev": {},
    "platform-overrides": {
        "php": "8.1"
    },
    "plugin-api-version": "2.6.0"
}
